
Microsoft Visual Studio Solution File, Format Version 12.00
# Visual Studio Version 16
VisualStudioVersion = 16.0.31729.503
MinimumVisualStudioVersion = 10.0.40219.1
Project("{FAE04EC0-301F-11D3-BF4B-00C04F79EFBC}") = "ZegoCsharpWinformDemo", "ZegoCsharpWinformDemo\ZegoCsharpWinformDemo.csproj", "{AC990781-2A36-4241-BA44-1A2C0627FC28}"
EndProject
Global
	GlobalSection(SolutionConfigurationPlatforms) = preSolution
		Debug|Any CPU = Debug|Any CPU
		Debug|x64 = Debug|x64
		Debug|x86 = Debug|x86
		Release|Any CPU = Release|Any CPU
		Release|x64 = Release|x64
		Release|x86 = Release|x86
	EndGlobalSection
	GlobalSection(ProjectConfigurationPlatforms) = postSolution
		{AC990781-2A36-4241-BA44-1A2C0627FC28}.Debug|Any CPU.ActiveCfg = Debug|Any CPU
		{AC990781-2A36-4241-BA44-1A2C0627FC28}.Debug|Any CPU.Build.0 = Debug|Any CPU
		{AC990781-2A36-4241-BA44-1A2C0627FC28}.Debug|x64.ActiveCfg = Debug|x64
		{AC990781-2A36-4241-BA44-1A2C0627FC28}.Debug|x64.Build.0 = Debug|x64
		{AC990781-2A36-4241-BA44-1A2C0627FC28}.Debug|x86.ActiveCfg = Debug|x86
		{AC990781-2A36-4241-BA44-1A2C0627FC28}.Debug|x86.Build.0 = Debug|x86
		{AC990781-2A36-4241-BA44-1A2C0627FC28}.Release|Any CPU.ActiveCfg = Release|Any CPU
		{AC990781-2A36-4241-BA44-1A2C0627FC28}.Release|Any CPU.Build.0 = Release|Any CPU
		{AC990781-2A36-4241-BA44-1A2C0627FC28}.Release|x64.ActiveCfg = Release|x64
		{AC990781-2A36-4241-BA44-1A2C0627FC28}.Release|x64.Build.0 = Release|x64
		{AC990781-2A36-4241-BA44-1A2C0627FC28}.Release|x86.ActiveCfg = Release|x86
		{AC990781-2A36-4241-BA44-1A2C0627FC28}.Release|x86.Build.0 = Release|x86
	EndGlobalSection
	GlobalSection(SolutionProperties) = preSolution
		HideSolutionNode = FALSE
	EndGlobalSection
	GlobalSection(ExtensibilityGlobals) = postSolution
		SolutionGuid = {2DD6424E-251B-497E-BECD-3CAD4A7B8749}
	EndGlobalSection
EndGlobal
